
Microsoft Visual Studio Solution File, Format Version 12.00
# Visual Studio Version 16
VisualStudioVersion = 16.0.29509.3
MinimumVisualStudioVersion = 10.0.40219.1
Project("{FAE04EC0-301F-11D3-BF4B-00C04F79EFBC}") = "Lab5_6", "Lab5_6\Lab5_6.csproj", "{8FE325B7-D986-45FF-A5FB-DE4ADAE4C3B9}"
EndProject
Global
	GlobalSection(SolutionConfigurationPlatforms) = preSolution
		Debug|Any CPU = Debug|Any CPU
		Release|Any CPU = Release|Any CPU
	EndGlobalSection
	GlobalSection(ProjectConfigurationPlatforms) = postSolution
		{8FE325B7-D986-45FF-A5FB-DE4ADAE4C3B9}.Debug|Any CPU.ActiveCfg = Debug|Any CPU
		{8FE325B7-D986-45FF-A5FB-DE4ADAE4C3B9}.Debug|Any CPU.Build.0 = Debug|Any CPU
		{8FE325B7-D986-45FF-A5FB-DE4ADAE4C3B9}.Release|Any CPU.ActiveCfg = Release|Any CPU
		{8FE325B7-D986-45FF-A5FB-DE4ADAE4C3B9}.Release|Any CPU.Build.0 = Release|Any CPU
	EndGlobalSection
	GlobalSection(SolutionProperties) = preSolution
		HideSolutionNode = FALSE
	EndGlobalSection
	GlobalSection(ExtensibilityGlobals) = postSolution
		SolutionGuid = {FA4E5330-B01B-436C-AAAD-38CFB951BCAC}
	EndGlobalSection
EndGlobal
